
Microsoft Visual Studio Solution File, Format Version 12.00
# Visual Studio Version 17
VisualStudioVersion = 17.0.31903.59
MinimumVisualStudioVersion = 10.0.40219.1
Project("{2150E333-8FDC-42A3-9474-1A3956D46DE8}") = "src", "src", "{827E0CD3-B72D-47B6-A68D-7590B98EB39B}"
EndProject
Project("{FAE04EC0-301F-11D3-BF4B-00C04F79EFBC}") = "SharedSpaces.Server", "src\SharedSpaces.Server\SharedSpaces.Server.csproj", "{04D49B27-F231-4805-B9B5-7426061F700E}"
EndProject
Project("{2150E333-8FDC-42A3-9474-1A3956D46DE8}") = "tests", "tests", "{0AB3BF05-4346-4AA6-1389-037BE0695223}"
EndProject
Project("{FAE04EC0-301F-11D3-BF4B-00C04F79EFBC}") = "SharedSpaces.Server.Tests", "tests\SharedSpaces.Server.Tests\SharedSpaces.Server.Tests.csproj", "{915818B9-B386-4736-AA72-18E1EF581263}"
EndProject
Project("{FAE04EC0-301F-11D3-BF4B-00C04F79EFBC}") = "SharedSpaces.Cli.Core", "src\SharedSpaces.Cli.Core\SharedSpaces.Cli.Core.csproj", "{416A368D-E66B-43EF-A195-F1894C752D22}"
EndProject
Project("{FAE04EC0-301F-11D3-BF4B-00C04F79EFBC}") = "SharedSpaces.Cli", "src\SharedSpaces.Cli\SharedSpaces.Cli.csproj", "{C3ED9689-F0A3-4FFC-94E2-2E62E3FD5F75}"
EndProject
Global
	GlobalSection(SolutionConfigurationPlatforms) = preSolution
		Debug|Any CPU = Debug|Any CPU
		Debug|x64 = Debug|x64
		Debug|x86 = Debug|x86
		Release|Any CPU = Release|Any CPU
		Release|x64 = Release|x64
		Release|x86 = Release|x86
	EndGlobalSection
	GlobalSection(ProjectConfigurationPlatforms) = postSolution
		{04D49B27-F231-4805-B9B5-7426061F700E}.Debug|Any CPU.ActiveCfg = Debug|Any CPU
		{04D49B27-F231-4805-B9B5-7426061F700E}.Debug|Any CPU.Build.0 = Debug|Any CPU
		{04D49B27-F231-4805-B9B5-7426061F700E}.Debug|x64.ActiveCfg = Debug|Any CPU
		{04D49B27-F231-4805-B9B5-7426061F700E}.Debug|x64.Build.0 = Debug|Any CPU
		{04D49B27-F231-4805-B9B5-7426061F700E}.Debug|x86.ActiveCfg = Debug|Any CPU
		{04D49B27-F231-4805-B9B5-7426061F700E}.Debug|x86.Build.0 = Debug|Any CPU
		{04D49B27-F231-4805-B9B5-7426061F700E}.Release|Any CPU.ActiveCfg = Release|Any CPU
		{04D49B27-F231-4805-B9B5-7426061F700E}.Release|Any CPU.Build.0 = Release|Any CPU
		{04D49B27-F231-4805-B9B5-7426061F700E}.Release|x64.ActiveCfg = Release|Any CPU
		{04D49B27-F231-4805-B9B5-7426061F700E}.Release|x64.Build.0 = Release|Any CPU
		{04D49B27-F231-4805-B9B5-7426061F700E}.Release|x86.ActiveCfg = Release|Any CPU
		{04D49B27-F231-4805-B9B5-7426061F700E}.Release|x86.Build.0 = Release|Any CPU
		{915818B9-B386-4736-AA72-18E1EF581263}.Debug|Any CPU.ActiveCfg = Debug|Any CPU
		{915818B9-B386-4736-AA72-18E1EF581263}.Debug|Any CPU.Build.0 = Debug|Any CPU
		{915818B9-B386-4736-AA72-18E1EF581263}.Debug|x64.ActiveCfg = Debug|Any CPU
		{915818B9-B386-4736-AA72-18E1EF581263}.Debug|x64.Build.0 = Debug|Any CPU
		{915818B9-B386-4736-AA72-18E1EF581263}.Debug|x86.ActiveCfg = Debug|Any CPU
		{915818B9-B386-4736-AA72-18E1EF581263}.Debug|x86.Build.0 = Debug|Any CPU
		{915818B9-B386-4736-AA72-18E1EF581263}.Release|Any CPU.ActiveCfg = Release|Any CPU
		{915818B9-B386-4736-AA72-18E1EF581263}.Release|Any CPU.Build.0 = Release|Any CPU
		{915818B9-B386-4736-AA72-18E1EF581263}.Release|x64.ActiveCfg = Release|Any CPU
		{915818B9-B386-4736-AA72-18E1EF581263}.Release|x64.Build.0 = Release|Any CPU
		{915818B9-B386-4736-AA72-18E1EF581263}.Release|x86.ActiveCfg = Release|Any CPU
		{915818B9-B386-4736-AA72-18E1EF581263}.Release|x86.Build.0 = Release|Any CPU
		{416A368D-E66B-43EF-A195-F1894C752D22}.Debug|Any CPU.ActiveCfg = Debug|Any CPU
		{416A368D-E66B-43EF-A195-F1894C752D22}.Debug|Any CPU.Build.0 = Debug|Any CPU
		{416A368D-E66B-43EF-A195-F1894C752D22}.Debug|x64.ActiveCfg = Debug|Any CPU
		{416A368D-E66B-43EF-A195-F1894C752D22}.Debug|x64.Build.0 = Debug|Any CPU
		{416A368D-E66B-43EF-A195-F1894C752D22}.Debug|x86.ActiveCfg = Debug|Any CPU
		{416A368D-E66B-43EF-A195-F1894C752D22}.Debug|x86.Build.0 = Debug|Any CPU
		{416A368D-E66B-43EF-A195-F1894C752D22}.Release|Any CPU.ActiveCfg = Release|Any CPU
		{416A368D-E66B-43EF-A195-F1894C752D22}.Release|Any CPU.Build.0 = Release|Any CPU
		{416A368D-E66B-43EF-A195-F1894C752D22}.Release|x64.ActiveCfg = Release|Any CPU
		{416A368D-E66B-43EF-A195-F1894C752D22}.Release|x64.Build.0 = Release|Any CPU
		{416A368D-E66B-43EF-A195-F1894C752D22}.Release|x86.ActiveCfg = Release|Any CPU
		{416A368D-E66B-43EF-A195-F1894C752D22}.Release|x86.Build.0 = Release|Any CPU
		{C3ED9689-F0A3-4FFC-94E2-2E62E3FD5F75}.Debug|Any CPU.ActiveCfg = Debug|Any CPU
		{C3ED9689-F0A3-4FFC-94E2-2E62E3FD5F75}.Debug|Any CPU.Build.0 = Debug|Any CPU
		{C3ED9689-F0A3-4FFC-94E2-2E62E3FD5F75}.Debug|x64.ActiveCfg = Debug|Any CPU
		{C3ED9689-F0A3-4FFC-94E2-2E62E3FD5F75}.Debug|x64.Build.0 = Debug|Any CPU
		{C3ED9689-F0A3-4FFC-94E2-2E62E3FD5F75}.Debug|x86.ActiveCfg = Debug|Any CPU
		{C3ED9689-F0A3-4FFC-94E2-2E62E3FD5F75}.Debug|x86.Build.0 = Debug|Any CPU
		{C3ED9689-F0A3-4FFC-94E2-2E62E3FD5F75}.Release|Any CPU.ActiveCfg = Release|Any CPU
		{C3ED9689-F0A3-4FFC-94E2-2E62E3FD5F75}.Release|Any CPU.Build.0 = Release|Any CPU
		{C3ED9689-F0A3-4FFC-94E2-2E62E3FD5F75}.Release|x64.ActiveCfg = Release|Any CPU
		{C3ED9689-F0A3-4FFC-94E2-2E62E3FD5F75}.Release|x64.Build.0 = Release|Any CPU
		{C3ED9689-F0A3-4FFC-94E2-2E62E3FD5F75}.Release|x86.ActiveCfg = Release|Any CPU
		{C3ED9689-F0A3-4FFC-94E2-2E62E3FD5F75}.Release|x86.Build.0 = Release|Any CPU
	EndGlobalSection
	GlobalSection(SolutionProperties) = preSolution
		HideSolutionNode = FALSE
	EndGlobalSection
	GlobalSection(NestedProjects) = preSolution
		{04D49B27-F231-4805-B9B5-7426061F700E} = {827E0CD3-B72D-47B6-A68D-7590B98EB39B}
		{915818B9-B386-4736-AA72-18E1EF581263} = {0AB3BF05-4346-4AA6-1389-037BE0695223}
		{416A368D-E66B-43EF-A195-F1894C752D22} = {827E0CD3-B72D-47B6-A68D-7590B98EB39B}
		{C3ED9689-F0A3-4FFC-94E2-2E62E3FD5F75} = {827E0CD3-B72D-47B6-A68D-7590B98EB39B}
	EndGlobalSection
EndGlobal
